
Microsoft Visual Studio Solution File, Format Version 12.00
# Visual Studio Version 17
VisualStudioVersion = 17.5.002.0
MinimumVisualStudioVersion = 10.0.40219.1
Project("{9A19103F-16F7-4668-BE54-9A1E7A4F7556}") = "StudentManagementSystem", "StudentManagementSystem.csproj", "{1943C460-C6B2-4834-8F7C-B8918F30937A}"
EndProject
Global
	GlobalSection(SolutionConfigurationPlatforms) = preSolution
		Debug|Any CPU = Debug|Any CPU
		Release|Any CPU = Release|Any CPU
	EndGlobalSection
	GlobalSection(ProjectConfigurationPlatforms) = postSolution
		{1943C460-C6B2-4834-8F7C-B8918F30937A}.Debug|Any CPU.ActiveCfg = Debug|Any CPU
		{1943C460-C6B2-4834-8F7C-B8918F30937A}.Debug|Any CPU.Build.0 = Debug|Any CPU
		{1943C460-C6B2-4834-8F7C-B8918F30937A}.Release|Any CPU.ActiveCfg = Release|Any CPU
		{1943C460-C6B2-4834-8F7C-B8918F30937A}.Release|Any CPU.Build.0 = Release|Any CPU
	EndGlobalSection
	GlobalSection(SolutionProperties) = preSolution
		HideSolutionNode = FALSE
	EndGlobalSection
	GlobalSection(ExtensibilityGlobals) = postSolution
		SolutionGuid = {FC59D5B6-3E09-4B11-A797-D2B71E05311B}
	EndGlobalSection
EndGlobal
